
Microsoft Visual Studio Solution File, Format Version 12.00
# Visual Studio Version 16
VisualStudioVersion = 16.0.30804.86
MinimumVisualStudioVersion = 10.0.40219.1
Project("{FAE04EC0-301F-11D3-BF4B-00C04F79EFBC}") = "SklepInternetowy", "SklepInternetowy\SklepInternetowy.csproj", "{7C667528-7A01-473B-AD7F-3EA394806CCE}"
EndProject
Global
	GlobalSection(SolutionConfigurationPlatforms) = preSolution
		Debug|Any CPU = Debug|Any CPU
		Release|Any CPU = Release|Any CPU
	EndGlobalSection
	GlobalSection(ProjectConfigurationPlatforms) = postSolution
		{7C667528-7A01-473B-AD7F-3EA394806CCE}.Debug|Any CPU.ActiveCfg = Debug|Any CPU
		{7C667528-7A01-473B-AD7F-3EA394806CCE}.Debug|Any CPU.Build.0 = Debug|Any CPU
		{7C667528-7A01-473B-AD7F-3EA394806CCE}.Release|Any CPU.ActiveCfg = Release|Any CPU
		{7C667528-7A01-473B-AD7F-3EA394806CCE}.Release|Any CPU.Build.0 = Release|Any CPU
	EndGlobalSection
	GlobalSection(SolutionProperties) = preSolution
		HideSolutionNode = FALSE
	EndGlobalSection
	GlobalSection(ExtensibilityGlobals) = postSolution
		SolutionGuid = {765D9916-3C54-4DE4-83EB-26D0B4368659}
	EndGlobalSection
EndGlobal
